
Microsoft Visual Studio Solution File, Format Version 12.00
# Visual Studio Version 16
VisualStudioVersion = 16.0.29025.244
MinimumVisualStudioVersion = 10.0.40219.1
Project("{FAE04EC0-301F-11D3-BF4B-00C04F79EFBC}") = "actividad2", "actividad2\actividad2.csproj", "{44008A69-F1A4-448E-B549-E0F1DBEF4243}"
EndProject
Global
	GlobalSection(SolutionConfigurationPlatforms) = preSolution
		Debug|Any CPU = Debug|Any CPU
		Release|Any CPU = Release|Any CPU
	EndGlobalSection
	GlobalSection(ProjectConfigurationPlatforms) = postSolution
		{44008A69-F1A4-448E-B549-E0F1DBEF4243}.Debug|Any CPU.ActiveCfg = Debug|Any CPU
		{44008A69-F1A4-448E-B549-E0F1DBEF4243}.Debug|Any CPU.Build.0 = Debug|Any CPU
		{44008A69-F1A4-448E-B549-E0F1DBEF4243}.Release|Any CPU.ActiveCfg = Release|Any CPU
		{44008A69-F1A4-448E-B549-E0F1DBEF4243}.Release|Any CPU.Build.0 = Release|Any CPU
	EndGlobalSection
	GlobalSection(SolutionProperties) = preSolution
		HideSolutionNode = FALSE
	EndGlobalSection
	GlobalSection(ExtensibilityGlobals) = postSolution
		SolutionGuid = {90228B8E-A0DE-4F72-9D7A-A285B95BEBA7}
	EndGlobalSection
EndGlobal
